
Microsoft Visual Studio Solution File, Format Version 12.00
# Visual Studio Version 16
VisualStudioVersion = 25.0.1706.6
MinimumVisualStudioVersion = 10.0.40219.1
Project("{FAE04EC0-301F-11D3-BF4B-00C04F79EFBC}") = "ImagesGenerator.WebPortal", "ImagesGenerator.WebPortal\ImagesGenerator.WebPortal.csproj", "{886B01C0-D895-4C50-B1FA-A9C0BD19D13B}"
EndProject
Global
	GlobalSection(SolutionConfigurationPlatforms) = preSolution
		Debug|Any CPU = Debug|Any CPU
		Release|Any CPU = Release|Any CPU
	EndGlobalSection
	GlobalSection(ProjectConfigurationPlatforms) = postSolution
		{886B01C0-D895-4C50-B1FA-A9C0BD19D13B}.Debug|Any CPU.ActiveCfg = Debug|Any CPU
		{886B01C0-D895-4C50-B1FA-A9C0BD19D13B}.Debug|Any CPU.Build.0 = Debug|Any CPU
		{886B01C0-D895-4C50-B1FA-A9C0BD19D13B}.Release|Any CPU.ActiveCfg = Release|Any CPU
		{886B01C0-D895-4C50-B1FA-A9C0BD19D13B}.Release|Any CPU.Build.0 = Release|Any CPU
	EndGlobalSection
	GlobalSection(SolutionProperties) = preSolution
		HideSolutionNode = FALSE
	EndGlobalSection
	GlobalSection(ExtensibilityGlobals) = postSolution
		SolutionGuid = {01652AFF-2D0C-458A-B930-CC7FD48FEA3F}
	EndGlobalSection
EndGlobal
